
Microsoft Visual Studio Solution File, Format Version 12.00
# Visual Studio 15
VisualStudioVersion = 15.0.27703.2018
MinimumVisualStudioVersion = 10.0.40219.1
Project("{9A19103F-16F7-4668-BE54-9A1E7A4F7556}") = "GrabbotPrime", "GrabbotPrime\GrabbotPrime.csproj", "{7BE6F256-75E1-491D-B749-97ECE9D07735}"
EndProject
Project("{9A19103F-16F7-4668-BE54-9A1E7A4F7556}") = "Driscod", "..\..\Driscod\Driscod\Driscod\Driscod.csproj", "{31C58378-3B4A-41BE-A20C-FACAA9322474}"
EndProject
Project("{9A19103F-16F7-4668-BE54-9A1E7A4F7556}") = "Phew", "..\..\Phew\Phew\Phew\Phew.csproj", "{E61F42AC-4D8F-4FC3-9ABB-449F13684A60}"
EndProject
Global
	GlobalSection(SolutionConfigurationPlatforms) = preSolution
		Debug|Any CPU = Debug|Any CPU
		Release|Any CPU = Release|Any CPU
	EndGlobalSection
	GlobalSection(ProjectConfigurationPlatforms) = postSolution
		{7BE6F256-75E1-491D-B749-97ECE9D07735}.Debug|Any CPU.ActiveCfg = Debug|Any CPU
		{7BE6F256-75E1-491D-B749-97ECE9D07735}.Debug|Any CPU.Build.0 = Debug|Any CPU
		{7BE6F256-75E1-491D-B749-97ECE9D07735}.Release|Any CPU.ActiveCfg = Release|Any CPU
		{7BE6F256-75E1-491D-B749-97ECE9D07735}.Release|Any CPU.Build.0 = Release|Any CPU
		{31C58378-3B4A-41BE-A20C-FACAA9322474}.Debug|Any CPU.ActiveCfg = Debug|Any CPU
		{31C58378-3B4A-41BE-A20C-FACAA9322474}.Debug|Any CPU.Build.0 = Debug|Any CPU
		{31C58378-3B4A-41BE-A20C-FACAA9322474}.Release|Any CPU.ActiveCfg = Release|Any CPU
		{31C58378-3B4A-41BE-A20C-FACAA9322474}.Release|Any CPU.Build.0 = Release|Any CPU
		{E61F42AC-4D8F-4FC3-9ABB-449F13684A60}.Debug|Any CPU.ActiveCfg = Debug|Any CPU
		{E61F42AC-4D8F-4FC3-9ABB-449F13684A60}.Debug|Any CPU.Build.0 = Debug|Any CPU
		{E61F42AC-4D8F-4FC3-9ABB-449F13684A60}.Release|Any CPU.ActiveCfg = Release|Any CPU
		{E61F42AC-4D8F-4FC3-9ABB-449F13684A60}.Release|Any CPU.Build.0 = Release|Any CPU
	EndGlobalSection
	GlobalSection(SolutionProperties) = preSolution
		HideSolutionNode = FALSE
	EndGlobalSection
	GlobalSection(ExtensibilityGlobals) = postSolution
		SolutionGuid = {B48844DA-1184-4393-B364-6ACF10A14045}
	EndGlobalSection
EndGlobal
